
Microsoft Visual Studio Solution File, Format Version 12.00
# Visual Studio Version 16
VisualStudioVersion = 16.0.30517.126
MinimumVisualStudioVersion = 10.0.40219.1
Project("{FAE04EC0-301F-11D3-BF4B-00C04F79EFBC}") = "HangmanConsole", "HangmanConsole\HangmanConsole.csproj", "{34CE3985-E39C-43E6-B81F-CE5FCC679A53}"
EndProject
Project("{FAE04EC0-301F-11D3-BF4B-00C04F79EFBC}") = "Hangman", "Hangman\Hangman.csproj", "{15397FF8-B1AE-434C-92B9-F96EB2F8B9B5}"
EndProject
Global
	GlobalSection(SolutionConfigurationPlatforms) = preSolution
		Debug|Any CPU = Debug|Any CPU
		Release|Any CPU = Release|Any CPU
	EndGlobalSection
	GlobalSection(ProjectConfigurationPlatforms) = postSolution
		{34CE3985-E39C-43E6-B81F-CE5FCC679A53}.Debug|Any CPU.ActiveCfg = Debug|Any CPU
		{34CE3985-E39C-43E6-B81F-CE5FCC679A53}.Debug|Any CPU.Build.0 = Debug|Any CPU
		{34CE3985-E39C-43E6-B81F-CE5FCC679A53}.Release|Any CPU.ActiveCfg = Release|Any CPU
		{34CE3985-E39C-43E6-B81F-CE5FCC679A53}.Release|Any CPU.Build.0 = Release|Any CPU
		{15397FF8-B1AE-434C-92B9-F96EB2F8B9B5}.Debug|Any CPU.ActiveCfg = Debug|Any CPU
		{15397FF8-B1AE-434C-92B9-F96EB2F8B9B5}.Debug|Any CPU.Build.0 = Debug|Any CPU
		{15397FF8-B1AE-434C-92B9-F96EB2F8B9B5}.Release|Any CPU.ActiveCfg = Release|Any CPU
		{15397FF8-B1AE-434C-92B9-F96EB2F8B9B5}.Release|Any CPU.Build.0 = Release|Any CPU
	EndGlobalSection
	GlobalSection(SolutionProperties) = preSolution
		HideSolutionNode = FALSE
	EndGlobalSection
	GlobalSection(ExtensibilityGlobals) = postSolution
		SolutionGuid = {3FD6B27C-1E26-44C3-853B-263DD1D8EBD7}
	EndGlobalSection
EndGlobal
